
Microsoft Visual Studio Solution File, Format Version 12.00
# Visual Studio 2012
Project("{FAE04EC0-301F-11D3-BF4B-00C04F79EFBC}") = "ChessBoard", "ChessBoard\ChessBoard.csproj", "{EC480871-B70D-45CD-9654-28D998305B44}"
EndProject
Global
	GlobalSection(TeamFoundationVersionControl) = preSolution
		SccNumberOfProjects = 2
		SccEnterpriseProvider = {4CA58AB2-18FA-4F8D-95D4-32DDF27D184C}
		SccTeamFoundationServer = https://paolo23.visualstudio.com/defaultcollection
		SccLocalPath0 = .
		SccProjectUniqueName1 = ChessBoard\\ChessBoard.csproj
		SccProjectName1 = ChessBoard
		SccLocalPath1 = ChessBoard
	EndGlobalSection
	GlobalSection(SolutionConfigurationPlatforms) = preSolution
		Debug|Any CPU = Debug|Any CPU
		Release|Any CPU = Release|Any CPU
	EndGlobalSection
	GlobalSection(ProjectConfigurationPlatforms) = postSolution
		{EC480871-B70D-45CD-9654-28D998305B44}.Debug|Any CPU.ActiveCfg = Debug|Any CPU
		{EC480871-B70D-45CD-9654-28D998305B44}.Debug|Any CPU.Build.0 = Debug|Any CPU
		{EC480871-B70D-45CD-9654-28D998305B44}.Release|Any CPU.ActiveCfg = Release|Any CPU
		{EC480871-B70D-45CD-9654-28D998305B44}.Release|Any CPU.Build.0 = Release|Any CPU
	EndGlobalSection
	GlobalSection(SolutionProperties) = preSolution
		HideSolutionNode = FALSE
	EndGlobalSection
EndGlobal
